// !$*UTF8*$!
{
	archiveVersion = 1;
	classes = {
	};
	objectVersion = 50;
	objects = {

/* Begin PBXBuildFile section */
		59BA370221FF405900B044DB /* Application.cpp in Sources */ = {isa = PBXBuildFile; fileRef = 59BA370121FF405900B044DB /* Application.cpp */; };
		59BA370A21FF40A900B044DB /* OpenGL.framework in Frameworks */ = {isa = PBXBuildFile; fileRef = 59BA370921FF40A900B044DB /* OpenGL.framework */; };
		59BA371521FFF55E00B044DB /* libGLEW.2.1.0.dylib in Frameworks */ = {isa = PBXBuildFile; fileRef = 59BA370D21FF436400B044DB /* libGLEW.2.1.0.dylib */; };
		59BA371C2200730D00B044DB /* libglfw.3.3.dylib in Frameworks */ = {isa = PBXBuildFile; fileRef = 59BA3718220070DF00B044DB /* libglfw.3.3.dylib */; };
		59BA372022010ED500B044DB /* Basic.shader in Sources */ = {isa = PBXBuildFile; fileRef = 59BA371F22010ED500B044DB /* Basic.shader */; };
		59BA372322028BC300B044DB /* Renderer.cpp in Sources */ = {isa = PBXBuildFile; fileRef = 59BA372122028BC300B044DB /* Renderer.cpp */; };
/* End PBXBuildFile section */

/* Begin PBXCopyFilesBuildPhase section */
		59BA36FC21FF405900B044DB /* CopyFiles */ = {
			isa = PBXCopyFilesBuildPhase;
			buildActionMask = 2147483647;
			dstPath = /usr/share/man/man1/;
			dstSubfolderSpec = 0;
			files = (
			);
			runOnlyForDeploymentPostprocessing = 1;
		};
/* End PBXCopyFilesBuildPhase section */

/* Begin PBXFileReference section */
		59BA36FE21FF405900B044DB /* opengl-course */ = {isa = PBXFileReference; explicitFileType = "compiled.mach-o.executable"; includeInIndex = 0; path = "opengl-course"; sourceTree = BUILT_PRODUCTS_DIR; };
		59BA370121FF405900B044DB /* Application.cpp */ = {isa = PBXFileReference; lastKnownFileType = sourcecode.cpp.cpp; path = Application.cpp; sourceTree = "<group>"; };
		59BA370921FF40A900B044DB /* OpenGL.framework */ = {isa = PBXFileReference; lastKnownFileType = wrapper.framework; name = OpenGL.framework; path = System/Library/Frameworks/OpenGL.framework; sourceTree = SDKROOT; };
		59BA370B21FF432A00B044DB /* libglfw3.a */ = {isa = PBXFileReference; lastKnownFileType = archive.ar; name = libglfw3.a; path = ../../../../../../usr/local/lib/libglfw3.a; sourceTree = "<group>"; };
		59BA370D21FF436400B044DB /* libGLEW.2.1.0.dylib */ = {isa = PBXFileReference; lastKnownFileType = "compiled.mach-o.dylib"; name = libGLEW.2.1.0.dylib; path = ../../../../../../usr/local/Cellar/glew/2.1.0/lib/libGLEW.2.1.0.dylib; sourceTree = "<group>"; };
		59BA371221FFF2C000B044DB /* GLUT.framework */ = {isa = PBXFileReference; lastKnownFileType = wrapper.framework; name = GLUT.framework; path = System/Library/Frameworks/GLUT.framework; sourceTree = SDKROOT; };
		59BA371621FFF57900B044DB /* libglfw.3.2.dylib */ = {isa = PBXFileReference; lastKnownFileType = "compiled.mach-o.dylib"; name = libglfw.3.2.dylib; path = ../../../../../../usr/local/Cellar/glfw/3.2.1/lib/libglfw.3.2.dylib; sourceTree = "<group>"; };
		59BA3718220070DF00B044DB /* libglfw.3.3.dylib */ = {isa = PBXFileReference; lastKnownFileType = "compiled.mach-o.dylib"; name = libglfw.3.3.dylib; path = ../../../../../../usr/local/lib/libglfw.3.3.dylib; sourceTree = "<group>"; };
		59BA371F22010ED500B044DB /* Basic.shader */ = {isa = PBXFileReference; lastKnownFileType = text; path = Basic.shader; sourceTree = "<group>"; };
		59BA372122028BC300B044DB /* Renderer.cpp */ = {isa = PBXFileReference; lastKnownFileType = sourcecode.cpp.cpp; path = Renderer.cpp; sourceTree = "<group>"; };
		59BA372222028BC300B044DB /* Renderer.h */ = {isa = PBXFileReference; lastKnownFileType = sourcecode.c.h; path = Renderer.h; sourceTree = "<group>"; };
/* End PBXFileReference section */

/* Begin PBXFrameworksBuildPhase section */
		59BA36FB21FF405900B044DB /* Frameworks */ = {
			isa = PBXFrameworksBuildPhase;
			buildActionMask = 2147483647;
			files = (
				59BA371C2200730D00B044DB /* libglfw.3.3.dylib in Frameworks */,
				59BA371521FFF55E00B044DB /* libGLEW.2.1.0.dylib in Frameworks */,
				59BA370A21FF40A900B044DB /* OpenGL.framework in Frameworks */,
			);
			runOnlyForDeploymentPostprocessing = 0;
		};
/* End PBXFrameworksBuildPhase section */

/* Begin PBXGroup section */
		59BA36F521FF405900B044DB = {
			isa = PBXGroup;
			children = (
				59BA370021FF405900B044DB /* opengl-course */,
				59BA36FF21FF405900B044DB /* Products */,
				59BA370821FF40A800B044DB /* Frameworks */,
			);
			sourceTree = "<group>";
		};
		59BA36FF21FF405900B044DB /* Products */ = {
			isa = PBXGroup;
			children = (
				59BA36FE21FF405900B044DB /* opengl-course */,
			);
			name = Products;
			sourceTree = "<group>";
		};
		59BA370021FF405900B044DB /* opengl-course */ = {
			isa = PBXGroup;
			children = (
				59BA371D22010EB200B044DB /* resources */,
				59BA370121FF405900B044DB /* Application.cpp */,
				59BA372122028BC300B044DB /* Renderer.cpp */,
				59BA372222028BC300B044DB /* Renderer.h */,
			);
			path = "opengl-course";
			sourceTree = "<group>";
		};
		59BA370821FF40A800B044DB /* Frameworks */ = {
			isa = PBXGroup;
			children = (
				59BA3718220070DF00B044DB /* libglfw.3.3.dylib */,
				59BA371621FFF57900B044DB /* libglfw.3.2.dylib */,
				59BA371221FFF2C000B044DB /* GLUT.framework */,
				59BA370D21FF436400B044DB /* libGLEW.2.1.0.dylib */,
				59BA370B21FF432A00B044DB /* libglfw3.a */,
				59BA370921FF40A900B044DB /* OpenGL.framework */,
			);
			name = Frameworks;
			sourceTree = "<group>";
		};
		59BA371D22010EB200B044DB /* resources */ = {
			isa = PBXGroup;
			children = (
				59BA371E22010EBB00B044DB /* shaders */,
			);
			path = resources;
			sourceTree = "<group>";
		};
		59BA371E22010EBB00B044DB /* shaders */ = {
			isa = PBXGroup;
			children = (
				59BA371F22010ED500B044DB /* Basic.shader */,
			);
			path = shaders;
			sourceTree = "<group>";
		};
/* End PBXGroup section */

/* Begin PBXNativeTarget section */
		59BA36FD21FF405900B044DB /* opengl-course */ = {
			isa = PBXNativeTarget;
			buildConfigurationList = 59BA370521FF405900B044DB /* Build configuration list for PBXNativeTarget "opengl-course" */;
			buildPhases = (
				59BA36FA21FF405900B044DB /* Sources */,
				59BA36FB21FF405900B044DB /* Frameworks */,
				59BA36FC21FF405900B044DB /* CopyFiles */,
			);
			buildRules = (
			);
			dependencies = (
			);
			name = "opengl-course";
			productName = "opengl-course";
			productReference = 59BA36FE21FF405900B044DB /* opengl-course */;
			productType = "com.apple.product-type.tool";
		};
/* End PBXNativeTarget section */

/* Begin PBXProject section */
		59BA36F621FF405900B044DB /* Project object */ = {
			isa = PBXProject;
			attributes = {
				LastUpgradeCheck = 1010;
				ORGANIZATIONNAME = "Túlio Henrique";
				TargetAttributes = {
					59BA36FD21FF405900B044DB = {
						CreatedOnToolsVersion = 10.1;
					};
				};
			};
			buildConfigurationList = 59BA36F921FF405900B044DB /* Build configuration list for PBXProject "opengl-course" */;
			compatibilityVersion = "Xcode 9.3";
			developmentRegion = en;
			hasScannedForEncodings = 0;
			knownRegions = (
				en,
			);
			mainGroup = 59BA36F521FF405900B044DB;
			productRefGroup = 59BA36FF21FF405900B044DB /* Products */;
			projectDirPath = "";
			projectRoot = "";
			targets = (
				59BA36FD21FF405900B044DB /* opengl-course */,
			);
		};
/* End PBXProject section */

/* Begin PBXSourcesBuildPhase section */
		59BA36FA21FF405900B044DB /* Sources */ = {
			isa = PBXSourcesBuildPhase;
			buildActionMask = 2147483647;
			files = (
				59BA372322028BC300B044DB /* Renderer.cpp in Sources */,
				59BA372022010ED500B044DB /* Basic.shader in Sources */,
				59BA370221FF405900B044DB /* Application.cpp in Sources */,
			);
			runOnlyForDeploymentPostprocessing = 0;
		};
/* End PBXSourcesBuildPhase section */

/* Begin XCBuildConfiguration section */
		59BA370321FF405900B044DB /* Debug */ = {
			isa = XCBuildConfiguration;
			buildSettings = {
				ALWAYS_SEARCH_USER_PATHS = NO;
				CLANG_ANALYZER_NONNULL = YES;
				CLANG_ANALYZER_NUMBER_OBJECT_CONVERSION = YES_AGGRESSIVE;
				CLANG_CXX_LANGUAGE_STANDARD = "gnu++14";
				CLANG_CXX_LIBRARY = "libc++";
				CLANG_ENABLE_MODULES = YES;
				CLANG_ENABLE_OBJC_ARC = YES;
				CLANG_ENABLE_OBJC_WEAK = YES;
				CLANG_WARN_BLOCK_CAPTURE_AUTORELEASING = YES;
				CLANG_WARN_BOOL_CONVERSION = YES;
				CLANG_WARN_COMMA = YES;
				CLANG_WARN_CONSTANT_CONVERSION = YES;
				CLANG_WARN_DEPRECATED_OBJC_IMPLEMENTATIONS = YES;
				CLANG_WARN_DIRECT_OBJC_ISA_USAGE = YES_ERROR;
				CLANG_WARN_DOCUMENTATION_COMMENTS = YES;
				CLANG_WARN_EMPTY_BODY = YES;
				CLANG_WARN_ENUM_CONVERSION = YES;
				CLANG_WARN_INFINITE_RECURSION = YES;
				CLANG_WARN_INT_CONVERSION = YES;
				CLANG_WARN_NON_LITERAL_NULL_CONVERSION = YES;
				CLANG_WARN_OBJC_IMPLICIT_RETAIN_SELF = YES;
				CLANG_WARN_OBJC_LITERAL_CONVERSION = YES;
				CLANG_WARN_OBJC_ROOT_CLASS = YES_ERROR;
				CLANG_WARN_RANGE_LOOP_ANALYSIS = YES;
				CLANG_WARN_STRICT_PROTOTYPES = YES;
				CLANG_WARN_SUSPICIOUS_MOVE = YES;
				CLANG_WARN_UNGUARDED_AVAILABILITY = YES_AGGRESSIVE;
				CLANG_WARN_UNREACHABLE_CODE = YES;
				CLANG_WARN__DUPLICATE_METHOD_MATCH = YES;
				CODE_SIGN_IDENTITY = "Mac Developer";
				COPY_PHASE_STRIP = NO;
				DEBUG_INFORMATION_FORMAT = dwarf;
				ENABLE_STRICT_OBJC_MSGSEND = YES;
				ENABLE_TESTABILITY = YES;
				GCC_C_LANGUAGE_STANDARD = gnu11;
				GCC_DYNAMIC_NO_PIC = NO;
				GCC_NO_COMMON_BLOCKS = YES;
				GCC_OPTIMIZATION_LEVEL = 0;
				GCC_PREPROCESSOR_DEFINITIONS = (
					"DEBUG=1",
					"$(inherited)",
				);
				GCC_WARN_64_TO_32_BIT_CONVERSION = YES;
				GCC_WARN_ABOUT_RETURN_TYPE = YES_ERROR;
				GCC_WARN_UNDECLARED_SELECTOR = YES;
				GCC_WARN_UNINITIALIZED_AUTOS = YES_AGGRESSIVE;
				GCC_WARN_UNUSED_FUNCTION = YES;
				GCC_WARN_UNUSED_VARIABLE = YES;
				MACOSX_DEPLOYMENT_TARGET = 10.14;
				MTL_ENABLE_DEBUG_INFO = INCLUDE_SOURCE;
				MTL_FAST_MATH = YES;
				ONLY_ACTIVE_ARCH = YES;
				SDKROOT = macosx;
			};
			name = Debug;
		};
		59BA370421FF405900B044DB /* Release */ = {
			isa = XCBuildConfiguration;
			buildSettings = {
				ALWAYS_SEARCH_USER_PATHS = NO;
				CLANG_ANALYZER_NONNULL = YES;
				CLANG_ANALYZER_NUMBER_OBJECT_CONVERSION = YES_AGGRESSIVE;
				CLANG_CXX_LANGUAGE_STANDARD = "gnu++14";
				CLANG_CXX_LIBRARY = "libc++";
				CLANG_ENABLE_MODULES = YES;
				CLANG_ENABLE_OBJC_ARC = YES;
				CLANG_ENABLE_OBJC_WEAK = YES;
				CLANG_WARN_BLOCK_CAPTURE_AUTORELEASING = YES;
				CLANG_WARN_BOOL_CONVERSION = YES;
				CLANG_WARN_COMMA = YES;
				CLANG_WARN_CONSTANT_CONVERSION = YES;
				CLANG_WARN_DEPRECATED_OBJC_IMPLEMENTATIONS = YES;
				CLANG_WARN_DIRECT_OBJC_ISA_USAGE = YES_ERROR;
				CLANG_WARN_DOCUMENTATION_COMMENTS = YES;
				CLANG_WARN_EMPTY_BODY = YES;
				CLANG_WARN_ENUM_CONVERSION = YES;
				CLANG_WARN_INFINITE_RECURSION = YES;
				CLANG_WARN_INT_CONVERSION = YES;
				CLANG_WARN_NON_LITERAL_NULL_CONVERSION = YES;
				CLANG_WARN_OBJC_IMPLICIT_RETAIN_SELF = YES;
				CLANG_WARN_OBJC_LITERAL_CONVERSION = YES;
				CLANG_WARN_OBJC_ROOT_CLASS = YES_ERROR;
				CLANG_WARN_RANGE_LOOP_ANALYSIS = YES;
				CLANG_WARN_STRICT_PROTOTYPES = YES;
				CLANG_WARN_SUSPICIOUS_MOVE = YES;
				CLANG_WARN_UNGUARDED_AVAILABILITY = YES_AGGRESSIVE;
				CLANG_WARN_UNREACHABLE_CODE = YES;
				CLANG_WARN__DUPLICATE_METHOD_MATCH = YES;
				CODE_SIGN_IDENTITY = "Mac Developer";
				COPY_PHASE_STRIP = NO;
				DEBUG_INFORMATION_FORMAT = "dwarf-with-dsym";
				ENABLE_NS_ASSERTIONS = NO;
				ENABLE_STRICT_OBJC_MSGSEND = YES;
				GCC_C_LANGUAGE_STANDARD = gnu11;
				GCC_NO_COMMON_BLOCKS = YES;
				GCC_WARN_64_TO_32_BIT_CONVERSION = YES;
				GCC_WARN_ABOUT_RETURN_TYPE = YES_ERROR;
				GCC_WARN_UNDECLARED_SELECTOR = YES;
				GCC_WARN_UNINITIALIZED_AUTOS = YES_AGGRESSIVE;
				GCC_WARN_UNUSED_FUNCTION = YES;
				GCC_WARN_UNUSED_VARIABLE = YES;
				MACOSX_DEPLOYMENT_TARGET = 10.14;
				MTL_ENABLE_DEBUG_INFO = NO;
				MTL_FAST_MATH = YES;
				SDKROOT = macosx;
			};
			name = Release;
		};
		59BA370621FF405900B044DB /* Debug */ = {
			isa = XCBuildConfiguration;
			buildSettings = {
				CODE_SIGN_STYLE = Automatic;
				DEVELOPMENT_TEAM = G6TYTFE863;
				HEADER_SEARCH_PATHS = (
					/usr/local/Cellar/glew/2.1.0/include,
					/usr/local/include,
				);
				LIBRARY_SEARCH_PATHS = (
					"$(inherited)",
					/usr/local/Cellar/glew/2.1.0/lib,
					/usr/local/lib,
					/usr/local/Cellar/glfw/3.2.1/lib,
				);
				PRODUCT_NAME = "$(TARGET_NAME)";
			};
			name = Debug;
		};
		59BA370721FF405900B044DB /* Release */ = {
			isa = XCBuildConfiguration;
			buildSettings = {
				CODE_SIGN_STYLE = Automatic;
				DEVELOPMENT_TEAM = G6TYTFE863;
				HEADER_SEARCH_PATHS = (
					/usr/local/Cellar/glew/2.1.0/include,
					/usr/local/include,
				);
				LIBRARY_SEARCH_PATHS = (
					"$(inherited)",
					/usr/local/Cellar/glew/2.1.0/lib,
					/usr/local/lib,
					/usr/local/Cellar/glfw/3.2.1/lib,
				);
				PRODUCT_NAME = "$(TARGET_NAME)";
			};
			name = Release;
		};
/* End XCBuildConfiguration section */

/* Begin XCConfigurationList section */
		59BA36F921FF405900B044DB /* Build configuration list for PBXProject "opengl-course" */ = {
			isa = XCConfigurationList;
			buildConfigurations = (
				59BA370321FF405900B044DB /* Debug */,
				59BA370421FF405900B044DB /* Release */,
			);
			defaultConfigurationIsVisible = 0;
			defaultConfigurationName = Release;
		};
		59BA370521FF405900B044DB /* Build configuration list for PBXNativeTarget "opengl-course" */ = {
			isa = XCConfigurationList;
			buildConfigurations = (
				59BA370621FF405900B044DB /* Debug */,
				59BA370721FF405900B044DB /* Release */,
			);
			defaultConfigurationIsVisible = 0;
			defaultConfigurationName = Release;
		};
/* End XCConfigurationList section */
	};
	rootObject = 59BA36F621FF405900B044DB /* Project object */;
}
